
Microsoft Visual Studio Solution File, Format Version 12.00
# Visual Studio Version 17
VisualStudioVersion = 17.3.32825.248
MinimumVisualStudioVersion = 10.0.40219.1
Project("{9A19103F-16F7-4668-BE54-9A1E7A4F7556}") = "Lesson1", "Lesson1\Lesson1.csproj", "{B1A7F164-6CDC-4884-A4AA-6AABCE076950}"
EndProject
Project("{9A19103F-16F7-4668-BE54-9A1E7A4F7556}") = "ORM_SQL_Isolation", "ORM_SQL_Isolation\ORM_SQL_Isolation.csproj", "{3B38F0F3-D7B7-40A1-BF8E-61160B3ACE97}"
EndProject
Project("{9A19103F-16F7-4668-BE54-9A1E7A4F7556}") = "DatabaseFirst", "DatabaseFirst\DatabaseFirst.csproj", "{E1F865FB-5850-489B-9E89-08028FFDBF55}"
EndProject
Project("{FAE04EC0-301F-11D3-BF4B-00C04F79EFBC}") = "CodeFirst", "CodeFirst\CodeFirst.csproj", "{2D6CCFD5-2055-445D-BF00-286BD3964EE9}"
EndProject
Project("{FAE04EC0-301F-11D3-BF4B-00C04F79EFBC}") = "Lesson9", "Lesson9\Lesson9.csproj", "{0DF845B5-C61C-4FB9-876A-8539443E456B}"
EndProject
Project("{FAE04EC0-301F-11D3-BF4B-00C04F79EFBC}") = "PersistingTheData", "PersistingTheData\PersistingTheData.csproj", "{4CAD8540-E57F-481F-8DA4-2E63FB2EABEE}"
EndProject
Global
	GlobalSection(SolutionConfigurationPlatforms) = preSolution
		Debug|Any CPU = Debug|Any CPU
		Release|Any CPU = Release|Any CPU
	EndGlobalSection
	GlobalSection(ProjectConfigurationPlatforms) = postSolution
		{B1A7F164-6CDC-4884-A4AA-6AABCE076950}.Debug|Any CPU.ActiveCfg = Debug|Any CPU
		{B1A7F164-6CDC-4884-A4AA-6AABCE076950}.Debug|Any CPU.Build.0 = Debug|Any CPU
		{B1A7F164-6CDC-4884-A4AA-6AABCE076950}.Release|Any CPU.ActiveCfg = Release|Any CPU
		{B1A7F164-6CDC-4884-A4AA-6AABCE076950}.Release|Any CPU.Build.0 = Release|Any CPU
		{3B38F0F3-D7B7-40A1-BF8E-61160B3ACE97}.Debug|Any CPU.ActiveCfg = Debug|Any CPU
		{3B38F0F3-D7B7-40A1-BF8E-61160B3ACE97}.Debug|Any CPU.Build.0 = Debug|Any CPU
		{3B38F0F3-D7B7-40A1-BF8E-61160B3ACE97}.Release|Any CPU.ActiveCfg = Release|Any CPU
		{3B38F0F3-D7B7-40A1-BF8E-61160B3ACE97}.Release|Any CPU.Build.0 = Release|Any CPU
		{E1F865FB-5850-489B-9E89-08028FFDBF55}.Debug|Any CPU.ActiveCfg = Debug|Any CPU
		{E1F865FB-5850-489B-9E89-08028FFDBF55}.Debug|Any CPU.Build.0 = Debug|Any CPU
		{E1F865FB-5850-489B-9E89-08028FFDBF55}.Release|Any CPU.ActiveCfg = Release|Any CPU
		{E1F865FB-5850-489B-9E89-08028FFDBF55}.Release|Any CPU.Build.0 = Release|Any CPU
		{2D6CCFD5-2055-445D-BF00-286BD3964EE9}.Debug|Any CPU.ActiveCfg = Debug|Any CPU
		{2D6CCFD5-2055-445D-BF00-286BD3964EE9}.Debug|Any CPU.Build.0 = Debug|Any CPU
		{2D6CCFD5-2055-445D-BF00-286BD3964EE9}.Release|Any CPU.ActiveCfg = Release|Any CPU
		{2D6CCFD5-2055-445D-BF00-286BD3964EE9}.Release|Any CPU.Build.0 = Release|Any CPU
		{0DF845B5-C61C-4FB9-876A-8539443E456B}.Debug|Any CPU.ActiveCfg = Debug|Any CPU
		{0DF845B5-C61C-4FB9-876A-8539443E456B}.Debug|Any CPU.Build.0 = Debug|Any CPU
		{0DF845B5-C61C-4FB9-876A-8539443E456B}.Release|Any CPU.ActiveCfg = Release|Any CPU
		{0DF845B5-C61C-4FB9-876A-8539443E456B}.Release|Any CPU.Build.0 = Release|Any CPU
		{4CAD8540-E57F-481F-8DA4-2E63FB2EABEE}.Debug|Any CPU.ActiveCfg = Debug|Any CPU
		{4CAD8540-E57F-481F-8DA4-2E63FB2EABEE}.Debug|Any CPU.Build.0 = Debug|Any CPU
		{4CAD8540-E57F-481F-8DA4-2E63FB2EABEE}.Release|Any CPU.ActiveCfg = Release|Any CPU
		{4CAD8540-E57F-481F-8DA4-2E63FB2EABEE}.Release|Any CPU.Build.0 = Release|Any CPU
	EndGlobalSection
	GlobalSection(SolutionProperties) = preSolution
		HideSolutionNode = FALSE
	EndGlobalSection
	GlobalSection(ExtensibilityGlobals) = postSolution
		SolutionGuid = {C06CC3E1-4EC6-4AE5-88FA-E1C052340F09}
	EndGlobalSection
EndGlobal
